{
  "requires": true,
  "lockfileVersion": 1,
  "dependencies": {
    "xhr2": {
      "version": "0.2.0",
      "resolved": "https://registry.npmjs.org/xhr2/-/xhr2-0.2.0.tgz",
      "integrity": "sha512-BDtiD0i2iKPK/S8OAZfpk6tyzEDnKKSjxWHcMBVmh+LuqJ8A32qXTyOx+TVOg2dKvq6zGBq2sgKPkEeRs1qTRA=="
    }
  }
}
